
Microsoft Visual Studio Solution File, Format Version 12.00
# Visual Studio 15
VisualStudioVersion = 15.0.26430.14
MinimumVisualStudioVersion = 10.0.40219.1
Project("{FAE04EC0-301F-11D3-BF4B-00C04F79EFBC}") = "HabiticaSimpleToDo", "HabiticaSimpleToDo\HabiticaSimpleToDo.csproj", "{EB590933-E11C-479A-8FF3-5F0380DFDD57}"
EndProject
Project("{FAE04EC0-301F-11D3-BF4B-00C04F79EFBC}") = "View", "View\View.csproj", "{13A00046-C070-43D5-975F-B1E8924E3EC4}"
EndProject
Project("{FAE04EC0-301F-11D3-BF4B-00C04F79EFBC}") = "ViewModel", "ViewModel\ViewModel.csproj", "{3AAE2C4F-3E7F-42C6-8403-AD816C7CAFC3}"
EndProject
Global
	GlobalSection(SolutionConfigurationPlatforms) = preSolution
		Debug|Any CPU = Debug|Any CPU
		Release|Any CPU = Release|Any CPU
	EndGlobalSection
	GlobalSection(ProjectConfigurationPlatforms) = postSolution
		{EB590933-E11C-479A-8FF3-5F0380DFDD57}.Debug|Any CPU.ActiveCfg = Debug|Any CPU
		{EB590933-E11C-479A-8FF3-5F0380DFDD57}.Debug|Any CPU.Build.0 = Debug|Any CPU
		{EB590933-E11C-479A-8FF3-5F0380DFDD57}.Release|Any CPU.ActiveCfg = Release|Any CPU
		{EB590933-E11C-479A-8FF3-5F0380DFDD57}.Release|Any CPU.Build.0 = Release|Any CPU
		{13A00046-C070-43D5-975F-B1E8924E3EC4}.Debug|Any CPU.ActiveCfg = Debug|Any CPU
		{13A00046-C070-43D5-975F-B1E8924E3EC4}.Debug|Any CPU.Build.0 = Debug|Any CPU
		{13A00046-C070-43D5-975F-B1E8924E3EC4}.Release|Any CPU.ActiveCfg = Release|Any CPU
		{13A00046-C070-43D5-975F-B1E8924E3EC4}.Release|Any CPU.Build.0 = Release|Any CPU
		{3AAE2C4F-3E7F-42C6-8403-AD816C7CAFC3}.Debug|Any CPU.ActiveCfg = Debug|Any CPU
		{3AAE2C4F-3E7F-42C6-8403-AD816C7CAFC3}.Debug|Any CPU.Build.0 = Debug|Any CPU
		{3AAE2C4F-3E7F-42C6-8403-AD816C7CAFC3}.Release|Any CPU.ActiveCfg = Release|Any CPU
		{3AAE2C4F-3E7F-42C6-8403-AD816C7CAFC3}.Release|Any CPU.Build.0 = Release|Any CPU
	EndGlobalSection
	GlobalSection(SolutionProperties) = preSolution
		HideSolutionNode = FALSE
	EndGlobalSection
	GlobalSection(ExtensibilityGlobals) = postSolution
		SolutionGuid = {41CE87AC-BED9-4246-90F9-4AFB7EBE5BC9}
	EndGlobalSection
EndGlobal
